
Microsoft Visual Studio Solution File, Format Version 12.00
# Visual Studio Version 17
VisualStudioVersion = 17.3.32929.385
MinimumVisualStudioVersion = 10.0.40219.1
Project("{9A19103F-16F7-4668-BE54-9A1E7A4F7556}") = "OnionFinder", "OnionFinder.csproj", "{5872BBCA-6A76-4606-B801-E57C26CFC772}"
EndProject
Global
	GlobalSection(SolutionConfigurationPlatforms) = preSolution
		Debug|Any CPU = Debug|Any CPU
		Release|Any CPU = Release|Any CPU
	EndGlobalSection
	GlobalSection(ProjectConfigurationPlatforms) = postSolution
		{5872BBCA-6A76-4606-B801-E57C26CFC772}.Debug|Any CPU.ActiveCfg = Debug|Any CPU
		{5872BBCA-6A76-4606-B801-E57C26CFC772}.Debug|Any CPU.Build.0 = Debug|Any CPU
		{5872BBCA-6A76-4606-B801-E57C26CFC772}.Release|Any CPU.ActiveCfg = Release|Any CPU
		{5872BBCA-6A76-4606-B801-E57C26CFC772}.Release|Any CPU.Build.0 = Release|Any CPU
	EndGlobalSection
	GlobalSection(SolutionProperties) = preSolution
		HideSolutionNode = FALSE
	EndGlobalSection
	GlobalSection(ExtensibilityGlobals) = postSolution
		SolutionGuid = {B72B3ED3-5F99-494C-B41E-5E8022689EB3}
	EndGlobalSection
EndGlobal
